PODS:
  - Alamofire (4.5.1)
  - GearNetwork (0.4.0):
    - Alamofire (= 4.5.1)
    - RxSwift (= 4.0.0-beta.0)
    - Unbox
  - RxSwift (4.0.0-beta.0)
  - Unbox (2.5.0)

DEPENDENCIES:
  - GearNetwork (from `../`)

EXTERNAL SOURCES:
  GearNetwork:
    :path: ../

SPEC CHECKSUMS:
  Alamofire: 2d95912bf4c34f164fdfc335872e8c312acaea4a
  GearNetwork: 81855aae8b488f90c6660c62fd35d52532349206
  RxSwift: e0899fae37065c16db976cc5e3c957e4e388869c
  Unbox: 30e437e6151a6de16139375fd4e8dd9a664cfbf7

PODFILE CHECKSUM: 78f8e501deefbc6a524b34b222e069b4036ae9e0

COCOAPODS: 1.3.0.rc.1
